// !$*UTF8*$!
{
	archiveVersion = 1;
	classes = {
	};
	objectVersion = 56;
	objects = {

/* Begin PBXBuildFile section */
		072875932ED9D04300AC54D6 /* PushTokenStore.swift in Sources */ = {isa = PBXBuildFile; fileRef = 072875922ED9D04300AC54D6 /* PushTokenStore.swift */; };
		072875952ED9D04600AC54D6 /* AppDelegate.swift in Sources */ = {isa = PBXBuildFile; fileRef = 072875942ED9D04600AC54D6 /* AppDelegate.swift */; };
		075456162ED5C9E800C45739 /* NoiseApp.swift in Sources */ = {isa = PBXBuildFile; fileRef = 075456152ED5C9E800C45739 /* NoiseApp.swift */; };
		075456182ED5C9E800C45739 /* ContentView.swift in Sources */ = {isa = PBXBuildFile; fileRef = 075456172ED5C9E800C45739 /* ContentView.swift */; };
		0754561A2ED5C9EA00C45739 /* Assets.xcassets in Resources */ = {isa = PBXBuildFile; fileRef = 075456192ED5C9EA00C45739 /* Assets.xcassets */; };
		0754561D2ED5C9EA00C45739 /* Preview Assets.xcassets in Resources */ = {isa = PBXBuildFile; fileRef = 0754561C2ED5C9EA00C45739 /* Preview Assets.xcassets */; };
		0754569C2ED5E31F00C45739 /* static_noise_background.mp4 in Resources */ = {isa = PBXBuildFile; fileRef = 0754569A2ED5E31F00C45739 /* static_noise_background.mp4 */; };
		075456A52ED6872600C45739 /* HomeView.swift in Sources */ = {isa = PBXBuildFile; fileRef = 075456A22ED6872600C45739 /* HomeView.swift */; };
		075456A92ED8076600C45739 /* LiveDetailView.swift in Sources */ = {isa = PBXBuildFile; fileRef = 075456A82ED8076600C45739 /* LiveDetailView.swift */; };
		075456AE2ED88AF000C45739 /* MainTabView.swift in Sources */ = {isa = PBXBuildFile; fileRef = 075456AA2ED88AF000C45739 /* MainTabView.swift */; };
		075456AF2ED88AF000C45739 /* SettingsView.swift in Sources */ = {isa = PBXBuildFile; fileRef = 075456AC2ED88AF000C45739 /* SettingsView.swift */; };
		A0E20CEB2F0A3D9B00F2A001 /* LoginView.swift in Sources */ = {isa = PBXBuildFile; fileRef = A0E20CE92F0A3D9B00F2A001 /* LoginView.swift */; };
		A0E20CEC2F0A3D9B00F2A001 /* LoginViewModel.swift in Sources */ = {isa = PBXBuildFile; fileRef = A0E20CEA2F0A3D9B00F2A001 /* LoginViewModel.swift */; };
		B1487AFB2F0B91C900DE5E7D /* BackgroundVideoView.swift in Sources */ = {isa = PBXBuildFile; fileRef = B1487AFA2F0B91C900DE5E7D /* BackgroundVideoView.swift */; };
		B1F9DE8D2F0B5CFC0002FB59 /* APIClient.swift in Sources */ = {isa = PBXBuildFile; fileRef = B1F9DE8C2F0B5CFC0002FB59 /* APIClient.swift */; };
		B1F9DE9E2F0B5F4A0002FB59 /* TokenStore.swift in Sources */ = {isa = PBXBuildFile; fileRef = B1F9DE9D2F0B5F4A0002FB59 /* TokenStore.swift */; };
		EAD4536ABC19406FA435CEFD /* ProceduralNoiseView.swift in Sources */ = {isa = PBXBuildFile; fileRef = 20DCFC430679462CBEBD2637 /* ProceduralNoiseView.swift */; };
/* End PBXBuildFile section */

/* Begin PBXFileReference section */
		072875922ED9D04300AC54D6 /* PushTokenStore.swift */ = {isa = PBXFileReference; lastKnownFileType = sourcecode.swift; path = PushTokenStore.swift; sourceTree = "<group>"; };
		072875942ED9D04600AC54D6 /* AppDelegate.swift */ = {isa = PBXFileReference; lastKnownFileType = sourcecode.swift; path = AppDelegate.swift; sourceTree = "<group>"; };
		072875962ED9D30300AC54D6 /* Noise.entitlements */ = {isa = PBXFileReference; lastKnownFileType = text.plist.entitlements; path = Noise.entitlements; sourceTree = "<group>"; };
		075456122ED5C9E800C45739 /* Noise.app */ = {isa = PBXFileReference; explicitFileType = wrapper.application; includeInIndex = 0; path = Noise.app; sourceTree = BUILT_PRODUCTS_DIR; };
		075456152ED5C9E800C45739 /* NoiseApp.swift */ = {isa = PBXFileReference; lastKnownFileType = sourcecode.swift; path = NoiseApp.swift; sourceTree = "<group>"; };
		075456172ED5C9E800C45739 /* ContentView.swift */ = {isa = PBXFileReference; lastKnownFileType = sourcecode.swift; path = ContentView.swift; sourceTree = "<group>"; };
		075456192ED5C9EA00C45739 /* Assets.xcassets */ = {isa = PBXFileReference; lastKnownFileType = folder.assetcatalog; path = Assets.xcassets; sourceTree = "<group>"; };
		0754561C2ED5C9EA00C45739 /* Preview Assets.xcassets */ = {isa = PBXFileReference; lastKnownFileType = folder.assetcatalog; path = "Preview Assets.xcassets"; sourceTree = "<group>"; };
		0754569A2ED5E31F00C45739 /* static_noise_background.mp4 */ = {isa = PBXFileReference; lastKnownFileType = file; path = static_noise_background.mp4; sourceTree = "<group>"; };
		0754569D2ED5E5DC00C45739 /* Info.plist */ = {isa = PBXFileReference; lastKnownFileType = text.plist; path = Info.plist; sourceTree = "<group>"; };
		075456A22ED6872600C45739 /* HomeView.swift */ = {isa = PBXFileReference; fileEncoding = 4; lastKnownFileType = sourcecode.swift; path = HomeView.swift; sourceTree = "<group>"; };
		075456A82ED8076600C45739 /* LiveDetailView.swift */ = {isa = PBXFileReference; fileEncoding = 4; lastKnownFileType = sourcecode.swift; name = LiveDetailView.swift; path = Features/Home/Views/LiveDetailView.swift; sourceTree = "<group>"; };
		075456AA2ED88AF000C45739 /* MainTabView.swift */ = {isa = PBXFileReference; fileEncoding = 4; lastKnownFileType = sourcecode.swift; path = MainTabView.swift; sourceTree = "<group>"; };
		075456AC2ED88AF000C45739 /* SettingsView.swift */ = {isa = PBXFileReference; fileEncoding = 4; lastKnownFileType = sourcecode.swift; path = SettingsView.swift; sourceTree = "<group>"; };
		20DCFC430679462CBEBD2637 /* ProceduralNoiseView.swift */ = {isa = PBXFileReference; lastKnownFileType = sourcecode.swift; path = ProceduralNoiseView.swift; sourceTree = "<group>"; };
		A0E20CE92F0A3D9B00F2A001 /* LoginView.swift */ = {isa = PBXFileReference; lastKnownFileType = sourcecode.swift; path = LoginView.swift; sourceTree = "<group>"; };
		A0E20CEA2F0A3D9B00F2A001 /* LoginViewModel.swift */ = {isa = PBXFileReference; lastKnownFileType = sourcecode.swift; path = LoginViewModel.swift; sourceTree = "<group>"; };
		B1487AFA2F0B91C900DE5E7D /* BackgroundVideoView.swift */ = {isa = PBXFileReference; lastKnownFileType = sourcecode.swift; path = BackgroundVideoView.swift; sourceTree = "<group>"; };
		B1F9DE8C2F0B5CFC0002FB59 /* APIClient.swift */ = {isa = PBXFileReference; lastKnownFileType = sourcecode.swift; path = APIClient.swift; sourceTree = "<group>"; };
		B1F9DE9D2F0B5F4A0002FB59 /* TokenStore.swift */ = {isa = PBXFileReference; lastKnownFileType = sourcecode.swift; path = TokenStore.swift; sourceTree = "<group>"; };
/* End PBXFileReference section */

/* Begin PBXFrameworksBuildPhase section */
		0754560F2ED5C9E800C45739 /* Frameworks */ = {
			isa = PBXFrameworksBuildPhase;
			buildActionMask = 2147483647;
			files = (
			);
			runOnlyForDeploymentPostprocessing = 0;
		};
/* End PBXFrameworksBuildPhase section */

/* Begin PBXGroup section */
		075456092ED5C9E800C45739 = {
			isa = PBXGroup;
			children = (
				075456142ED5C9E800C45739 /* Noise */,
				075456132ED5C9E800C45739 /* Products */,
			);
			sourceTree = "<group>";
		};
		075456132ED5C9E800C45739 /* Products */ = {
			isa = PBXGroup;
			children = (
				075456122ED5C9E800C45739 /* Noise.app */,
			);
			name = Products;
			sourceTree = "<group>";
		};
		075456142ED5C9E800C45739 /* Noise */ = {
			isa = PBXGroup;
			children = (
				072875962ED9D30300AC54D6 /* Noise.entitlements */,
				075456AB2ED88AF000C45739 /* Main */,
				075456AD2ED88AF000C45739 /* Settings */,
				075456A82ED8076600C45739 /* LiveDetailView.swift */,
				075456A42ED6872600C45739 /* Home */,
				0754569D2ED5E5DC00C45739 /* Info.plist */,
				0754569B2ED5E31F00C45739 /* Videos */,
				B1F9DE8B2F0B5CFC0002FB59 /* Networking */,
				F0FC05BD13F54C7982F075C9 /* Shared */,
				A0E20CE52F0A3D9B00F2A001 /* Features */,
				075456152ED5C9E800C45739 /* NoiseApp.swift */,
				075456172ED5C9E800C45739 /* ContentView.swift */,
				075456192ED5C9EA00C45739 /* Assets.xcassets */,
				0754561B2ED5C9EA00C45739 /* Preview Content */,
			);
			path = Noise;
			sourceTree = "<group>";
		};
		0754561B2ED5C9EA00C45739 /* Preview Content */ = {
			isa = PBXGroup;
			children = (
				0754561C2ED5C9EA00C45739 /* Preview Assets.xcassets */,
			);
			path = "Preview Content";
			sourceTree = "<group>";
		};
		0754569B2ED5E31F00C45739 /* Videos */ = {
			isa = PBXGroup;
			children = (
				0754569A2ED5E31F00C45739 /* static_noise_background.mp4 */,
			);
			path = Videos;
			sourceTree = "<group>";
		};
		075456A32ED6872600C45739 /* Views */ = {
			isa = PBXGroup;
			children = (
				075456A22ED6872600C45739 /* HomeView.swift */,
			);
			path = Views;
			sourceTree = "<group>";
		};
		075456A42ED6872600C45739 /* Home */ = {
			isa = PBXGroup;
			children = (
				075456A32ED6872600C45739 /* Views */,
			);
			name = Home;
			path = Features/Home;
			sourceTree = "<group>";
		};
		075456AB2ED88AF000C45739 /* Main */ = {
			isa = PBXGroup;
			children = (
				075456AA2ED88AF000C45739 /* MainTabView.swift */,
			);
			name = Main;
			path = Features/Main;
			sourceTree = "<group>";
		};
		075456AD2ED88AF000C45739 /* Settings */ = {
			isa = PBXGroup;
			children = (
				075456AC2ED88AF000C45739 /* SettingsView.swift */,
				072875922ED9D04300AC54D6 /* PushTokenStore.swift */,
				072875942ED9D04600AC54D6 /* AppDelegate.swift */,
			);
			name = Settings;
			path = Features/Settings;
			sourceTree = "<group>";
		};
		A0E20CE52F0A3D9B00F2A001 /* Features */ = {
			isa = PBXGroup;
			children = (
				A0E20CE62F0A3D9B00F2A001 /* Auth */,
			);
			path = Features;
			sourceTree = "<group>";
		};
		A0E20CE62F0A3D9B00F2A001 /* Auth */ = {
			isa = PBXGroup;
			children = (
				A0E20CE72F0A3D9B00F2A001 /* Views */,
				A0E20CE82F0A3D9B00F2A001 /* ViewModels */,
			);
			path = Auth;
			sourceTree = "<group>";
		};
		A0E20CE72F0A3D9B00F2A001 /* Views */ = {
			isa = PBXGroup;
			children = (
				B1487AFA2F0B91C900DE5E7D /* BackgroundVideoView.swift */,
				A0E20CE92F0A3D9B00F2A001 /* LoginView.swift */,
			);
			path = Views;
			sourceTree = "<group>";
		};
		A0E20CE82F0A3D9B00F2A001 /* ViewModels */ = {
			isa = PBXGroup;
			children = (
				A0E20CEA2F0A3D9B00F2A001 /* LoginViewModel.swift */,
			);
			path = ViewModels;
			sourceTree = "<group>";
		};
		B1F9DE8B2F0B5CFC0002FB59 /* Networking */ = {
			isa = PBXGroup;
			children = (
				B1F9DE8C2F0B5CFC0002FB59 /* APIClient.swift */,
				B1F9DE9D2F0B5F4A0002FB59 /* TokenStore.swift */,
			);
			path = Networking;
			sourceTree = "<group>";
		};
		EC11780728E84B1A9C592D50 /* Views */ = {
			isa = PBXGroup;
			children = (
				20DCFC430679462CBEBD2637 /* ProceduralNoiseView.swift */,
			);
			path = Views;
			sourceTree = "<group>";
		};
		F0FC05BD13F54C7982F075C9 /* Shared */ = {
			isa = PBXGroup;
			children = (
				EC11780728E84B1A9C592D50 /* Views */,
			);
			path = Shared;
			sourceTree = "<group>";
		};
/* End PBXGroup section */

/* Begin PBXNativeTarget section */
		075456112ED5C9E800C45739 /* Noise */ = {
			isa = PBXNativeTarget;
			buildConfigurationList = 075456202ED5C9EA00C45739 /* Build configuration list for PBXNativeTarget "Noise" */;
			buildPhases = (
				0754560E2ED5C9E800C45739 /* Sources */,
				0754560F2ED5C9E800C45739 /* Frameworks */,
				075456102ED5C9E800C45739 /* Resources */,
			);
			buildRules = (
			);
			dependencies = (
			);
			name = Noise;
			productName = Noise;
			productReference = 075456122ED5C9E800C45739 /* Noise.app */;
			productType = "com.apple.product-type.application";
		};
/* End PBXNativeTarget section */

/* Begin PBXProject section */
		0754560A2ED5C9E800C45739 /* Project object */ = {
			isa = PBXProject;
			attributes = {
				BuildIndependentTargetsInParallel = 1;
				LastSwiftUpdateCheck = 1540;
				LastUpgradeCheck = 1540;
				TargetAttributes = {
					075456112ED5C9E800C45739 = {
						CreatedOnToolsVersion = 15.4;
					};
				};
			};
			buildConfigurationList = 0754560D2ED5C9E800C45739 /* Build configuration list for PBXProject "Noise" */;
			compatibilityVersion = "Xcode 14.0";
			developmentRegion = en;
			hasScannedForEncodings = 0;
			knownRegions = (
				en,
				Base,
			);
			mainGroup = 075456092ED5C9E800C45739;
			productRefGroup = 075456132ED5C9E800C45739 /* Products */;
			projectDirPath = "";
			projectRoot = "";
			targets = (
				075456112ED5C9E800C45739 /* Noise */,
			);
		};
/* End PBXProject section */

/* Begin PBXResourcesBuildPhase section */
		075456102ED5C9E800C45739 /* Resources */ = {
			isa = PBXResourcesBuildPhase;
			buildActionMask = 2147483647;
			files = (
				0754569C2ED5E31F00C45739 /* static_noise_background.mp4 in Resources */,
				0754561D2ED5C9EA00C45739 /* Preview Assets.xcassets in Resources */,
				0754561A2ED5C9EA00C45739 /* Assets.xcassets in Resources */,
			);
			runOnlyForDeploymentPostprocessing = 0;
		};
/* End PBXResourcesBuildPhase section */

/* Begin PBXSourcesBuildPhase section */
		0754560E2ED5C9E800C45739 /* Sources */ = {
			isa = PBXSourcesBuildPhase;
			buildActionMask = 2147483647;
			files = (
				B1487AFB2F0B91C900DE5E7D /* BackgroundVideoView.swift in Sources */,
				A0E20CEC2F0A3D9B00F2A001 /* LoginViewModel.swift in Sources */,
				A0E20CEB2F0A3D9B00F2A001 /* LoginView.swift in Sources */,
				075456182ED5C9E800C45739 /* ContentView.swift in Sources */,
				072875952ED9D04600AC54D6 /* AppDelegate.swift in Sources */,
				B1F9DE9E2F0B5F4A0002FB59 /* TokenStore.swift in Sources */,
				075456AE2ED88AF000C45739 /* MainTabView.swift in Sources */,
				EAD4536ABC19406FA435CEFD /* ProceduralNoiseView.swift in Sources */,
				072875932ED9D04300AC54D6 /* PushTokenStore.swift in Sources */,
				075456A52ED6872600C45739 /* HomeView.swift in Sources */,
				075456A92ED8076600C45739 /* LiveDetailView.swift in Sources */,
				075456AF2ED88AF000C45739 /* SettingsView.swift in Sources */,
				B1F9DE8D2F0B5CFC0002FB59 /* APIClient.swift in Sources */,
				075456162ED5C9E800C45739 /* NoiseApp.swift in Sources */,
			);
			runOnlyForDeploymentPostprocessing = 0;
		};
/* End PBXSourcesBuildPhase section */

/* Begin XCBuildConfiguration section */
		0754561E2ED5C9EA00C45739 /* Debug */ = {
			isa = XCBuildConfiguration;
			buildSettings = {
				ALWAYS_SEARCH_USER_PATHS = NO;
				ASSETCATALOG_COMPILER_GENERATE_SWIFT_ASSET_SYMBOL_EXTENSIONS = YES;
				CLANG_ANALYZER_NONNULL = YES;
				CLANG_ANALYZER_NUMBER_OBJECT_CONVERSION = YES_AGGRESSIVE;
				CLANG_CXX_LANGUAGE_STANDARD = "gnu++20";
				CLANG_ENABLE_MODULES = YES;
				CLANG_ENABLE_OBJC_ARC = YES;
				CLANG_ENABLE_OBJC_WEAK = YES;
				CLANG_WARN_BLOCK_CAPTURE_AUTORELEASING = YES;
				CLANG_WARN_BOOL_CONVERSION = YES;
				CLANG_WARN_COMMA = YES;
				CLANG_WARN_CONSTANT_CONVERSION = YES;
				CLANG_WARN_DEPRECATED_OBJC_IMPLEMENTATIONS = YES;
				CLANG_WARN_DIRECT_OBJC_ISA_USAGE = YES_ERROR;
				CLANG_WARN_DOCUMENTATION_COMMENTS = YES;
				CLANG_WARN_EMPTY_BODY = YES;
				CLANG_WARN_ENUM_CONVERSION = YES;
				CLANG_WARN_INFINITE_RECURSION = YES;
				CLANG_WARN_INT_CONVERSION = YES;
				CLANG_WARN_NON_LITERAL_NULL_CONVERSION = YES;
				CLANG_WARN_OBJC_IMPLICIT_RETAIN_SELF = YES;
				CLANG_WARN_OBJC_LITERAL_CONVERSION = YES;
				CLANG_WARN_OBJC_ROOT_CLASS = YES_ERROR;
				CLANG_WARN_QUOTED_INCLUDE_IN_FRAMEWORK_HEADER = YES;
				CLANG_WARN_RANGE_LOOP_ANALYSIS = YES;
				CLANG_WARN_STRICT_PROTOTYPES = YES;
				CLANG_WARN_SUSPICIOUS_MOVE = YES;
				CLANG_WARN_UNGUARDED_AVAILABILITY = YES_AGGRESSIVE;
				CLANG_WARN_UNREACHABLE_CODE = YES;
				CLANG_WARN__DUPLICATE_METHOD_MATCH = YES;
				COPY_PHASE_STRIP = NO;
				DEBUG_INFORMATION_FORMAT = dwarf;
				ENABLE_STRICT_OBJC_MSGSEND = YES;
				ENABLE_TESTABILITY = YES;
				ENABLE_USER_SCRIPT_SANDBOXING = YES;
				GCC_C_LANGUAGE_STANDARD = gnu17;
				GCC_DYNAMIC_NO_PIC = NO;
				GCC_NO_COMMON_BLOCKS = YES;
				GCC_OPTIMIZATION_LEVEL = 0;
				GCC_PREPROCESSOR_DEFINITIONS = (
					"DEBUG=1",
					"$(inherited)",
				);
				GCC_WARN_64_TO_32_BIT_CONVERSION = YES;
				GCC_WARN_ABOUT_RETURN_TYPE = YES_ERROR;
				GCC_WARN_UNDECLARED_SELECTOR = YES;
				GCC_WARN_UNINITIALIZED_AUTOS = YES_AGGRESSIVE;
				GCC_WARN_UNUSED_FUNCTION = YES;
				GCC_WARN_UNUSED_VARIABLE = YES;
				IPHONEOS_DEPLOYMENT_TARGET = 17.5;
				LOCALIZATION_PREFERS_STRING_CATALOGS = YES;
				MTL_ENABLE_DEBUG_INFO = INCLUDE_SOURCE;
				MTL_FAST_MATH = YES;
				ONLY_ACTIVE_ARCH = YES;
				SDKROOT = iphoneos;
				SWIFT_ACTIVE_COMPILATION_CONDITIONS = "DEBUG $(inherited)";
				SWIFT_OPTIMIZATION_LEVEL = "-Onone";
			};
			name = Debug;
		};
		0754561F2ED5C9EA00C45739 /* Release */ = {
			isa = XCBuildConfiguration;
			buildSettings = {
				ALWAYS_SEARCH_USER_PATHS = NO;
				ASSETCATALOG_COMPILER_GENERATE_SWIFT_ASSET_SYMBOL_EXTENSIONS = YES;
				CLANG_ANALYZER_NONNULL = YES;
				CLANG_ANALYZER_NUMBER_OBJECT_CONVERSION = YES_AGGRESSIVE;
				CLANG_CXX_LANGUAGE_STANDARD = "gnu++20";
				CLANG_ENABLE_MODULES = YES;
				CLANG_ENABLE_OBJC_ARC = YES;
				CLANG_ENABLE_OBJC_WEAK = YES;
				CLANG_WARN_BLOCK_CAPTURE_AUTORELEASING = YES;
				CLANG_WARN_BOOL_CONVERSION = YES;
				CLANG_WARN_COMMA = YES;
				CLANG_WARN_CONSTANT_CONVERSION = YES;
				CLANG_WARN_DEPRECATED_OBJC_IMPLEMENTATIONS = YES;
				CLANG_WARN_DIRECT_OBJC_ISA_USAGE = YES_ERROR;
				CLANG_WARN_DOCUMENTATION_COMMENTS = YES;
				CLANG_WARN_EMPTY_BODY = YES;
				CLANG_WARN_ENUM_CONVERSION = YES;
				CLANG_WARN_INFINITE_RECURSION = YES;
				CLANG_WARN_INT_CONVERSION = YES;
				CLANG_WARN_NON_LITERAL_NULL_CONVERSION = YES;
				CLANG_WARN_OBJC_IMPLICIT_RETAIN_SELF = YES;
				CLANG_WARN_OBJC_LITERAL_CONVERSION = YES;
				CLANG_WARN_OBJC_ROOT_CLASS = YES_ERROR;
				CLANG_WARN_QUOTED_INCLUDE_IN_FRAMEWORK_HEADER = YES;
				CLANG_WARN_RANGE_LOOP_ANALYSIS = YES;
				CLANG_WARN_STRICT_PROTOTYPES = YES;
				CLANG_WARN_SUSPICIOUS_MOVE = YES;
				CLANG_WARN_UNGUARDED_AVAILABILITY = YES_AGGRESSIVE;
				CLANG_WARN_UNREACHABLE_CODE = YES;
				CLANG_WARN__DUPLICATE_METHOD_MATCH = YES;
				COPY_PHASE_STRIP = NO;
				DEBUG_INFORMATION_FORMAT = "dwarf-with-dsym";
				ENABLE_NS_ASSERTIONS = NO;
				ENABLE_STRICT_OBJC_MSGSEND = YES;
				ENABLE_USER_SCRIPT_SANDBOXING = YES;
				GCC_C_LANGUAGE_STANDARD = gnu17;
				GCC_NO_COMMON_BLOCKS = YES;
				GCC_WARN_64_TO_32_BIT_CONVERSION = YES;
				GCC_WARN_ABOUT_RETURN_TYPE = YES_ERROR;
				GCC_WARN_UNDECLARED_SELECTOR = YES;
				GCC_WARN_UNINITIALIZED_AUTOS = YES_AGGRESSIVE;
				GCC_WARN_UNUSED_FUNCTION = YES;
				GCC_WARN_UNUSED_VARIABLE = YES;
				IPHONEOS_DEPLOYMENT_TARGET = 17.5;
				LOCALIZATION_PREFERS_STRING_CATALOGS = YES;
				MTL_ENABLE_DEBUG_INFO = NO;
				MTL_FAST_MATH = YES;
				SDKROOT = iphoneos;
				SWIFT_COMPILATION_MODE = wholemodule;
				VALIDATE_PRODUCT = YES;
			};
			name = Release;
		};
		075456212ED5C9EA00C45739 /* Debug */ = {
			isa = XCBuildConfiguration;
			buildSettings = {
				ASSETCATALOG_COMPILER_APPICON_NAME = AppIcon;
				ASSETCATALOG_COMPILER_GLOBAL_ACCENT_COLOR_NAME = AccentColor;
				CODE_SIGN_ENTITLEMENTS = Noise/Noise.entitlements;
				CODE_SIGN_STYLE = Automatic;
				CURRENT_PROJECT_VERSION = 1;
				DEVELOPMENT_ASSET_PATHS = "\"Noise/Preview Content\"";
				DEVELOPMENT_TEAM = D6QVB66D66;
				ENABLE_PREVIEWS = YES;
				GENERATE_INFOPLIST_FILE = YES;
				INFOPLIST_FILE = Noise/Info.plist;
				INFOPLIST_KEY_UIApplicationSceneManifest_Generation = YES;
				INFOPLIST_KEY_UIApplicationSupportsIndirectInputEvents = YES;
				INFOPLIST_KEY_UILaunchScreen_Generation = YES;
				INFOPLIST_KEY_UISupportedInterfaceOrientations_iPad = "UIInterfaceOrientationPortrait UIInterfaceOrientationPortraitUpsideDown UIInterfaceOrientationLandscapeLeft UIInterfaceOrientationLandscapeRight";
				INFOPLIST_KEY_UISupportedInterfaceOrientations_iPhone = "UIInterfaceOrientationPortrait UIInterfaceOrientationLandscapeLeft UIInterfaceOrientationLandscapeRight";
				IPHONEOS_DEPLOYMENT_TARGET = 26.0;
				LD_RUNPATH_SEARCH_PATHS = (
					"$(inherited)",
					"@executable_path/Frameworks",
				);
				MARKETING_VERSION = 1.0;
				PRODUCT_BUNDLE_IDENTIFIER = com.martini.Noise;
				PRODUCT_NAME = "$(TARGET_NAME)";
				SWIFT_EMIT_LOC_STRINGS = YES;
				SWIFT_VERSION = 5.0;
				TARGETED_DEVICE_FAMILY = "1,2";
			};
			name = Debug;
		};
		075456222ED5C9EA00C45739 /* Release */ = {
			isa = XCBuildConfiguration;
			buildSettings = {
				ASSETCATALOG_COMPILER_APPICON_NAME = AppIcon;
				ASSETCATALOG_COMPILER_GLOBAL_ACCENT_COLOR_NAME = AccentColor;
				CODE_SIGN_ENTITLEMENTS = Noise/Noise.entitlements;
				CODE_SIGN_STYLE = Automatic;
				CURRENT_PROJECT_VERSION = 1;
				DEVELOPMENT_ASSET_PATHS = "\"Noise/Preview Content\"";
				DEVELOPMENT_TEAM = D6QVB66D66;
				ENABLE_PREVIEWS = YES;
				GENERATE_INFOPLIST_FILE = YES;
				INFOPLIST_FILE = Noise/Info.plist;
				INFOPLIST_KEY_UIApplicationSceneManifest_Generation = YES;
				INFOPLIST_KEY_UIApplicationSupportsIndirectInputEvents = YES;
				INFOPLIST_KEY_UILaunchScreen_Generation = YES;
				INFOPLIST_KEY_UISupportedInterfaceOrientations_iPad = "UIInterfaceOrientationPortrait UIInterfaceOrientationPortraitUpsideDown UIInterfaceOrientationLandscapeLeft UIInterfaceOrientationLandscapeRight";
				INFOPLIST_KEY_UISupportedInterfaceOrientations_iPhone = "UIInterfaceOrientationPortrait UIInterfaceOrientationLandscapeLeft UIInterfaceOrientationLandscapeRight";
				IPHONEOS_DEPLOYMENT_TARGET = 26.0;
				LD_RUNPATH_SEARCH_PATHS = (
					"$(inherited)",
					"@executable_path/Frameworks",
				);
				MARKETING_VERSION = 1.0;
				PRODUCT_BUNDLE_IDENTIFIER = com.martini.Noise;
				PRODUCT_NAME = "$(TARGET_NAME)";
				SWIFT_EMIT_LOC_STRINGS = YES;
				SWIFT_VERSION = 5.0;
				TARGETED_DEVICE_FAMILY = "1,2";
			};
			name = Release;
		};
/* End XCBuildConfiguration section */

/* Begin XCConfigurationList section */
		0754560D2ED5C9E800C45739 /* Build configuration list for PBXProject "Noise" */ = {
			isa = XCConfigurationList;
			buildConfigurations = (
				0754561E2ED5C9EA00C45739 /* Debug */,
				0754561F2ED5C9EA00C45739 /* Release */,
			);
			defaultConfigurationIsVisible = 0;
			defaultConfigurationName = Release;
		};
		075456202ED5C9EA00C45739 /* Build configuration list for PBXNativeTarget "Noise" */ = {
			isa = XCConfigurationList;
			buildConfigurations = (
				075456212ED5C9EA00C45739 /* Debug */,
				075456222ED5C9EA00C45739 /* Release */,
			);
			defaultConfigurationIsVisible = 0;
			defaultConfigurationName = Release;
		};
/* End XCConfigurationList section */
	};
	rootObject = 0754560A2ED5C9E800C45739 /* Project object */;
}
